
Microsoft Visual Studio Solution File, Format Version 12.00
# Visual Studio Version 17
VisualStudioVersion = 17.0.32002.185
MinimumVisualStudioVersion = 10.0.40219.1
Project("{FAE04EC0-301F-11D3-BF4B-00C04F79EFBC}") = "blockchain", "blockchain\blockchain.csproj", "{C76709C3-D309-440E-8AE7-A51FAA07D1B2}"
EndProject
Global
	GlobalSection(SolutionConfigurationPlatforms) = preSolution
		Debug|Any CPU = Debug|Any CPU
		Release|Any CPU = Release|Any CPU
	EndGlobalSection
	GlobalSection(ProjectConfigurationPlatforms) = postSolution
		{C76709C3-D309-440E-8AE7-A51FAA07D1B2}.Debug|Any CPU.ActiveCfg = Debug|Any CPU
		{C76709C3-D309-440E-8AE7-A51FAA07D1B2}.Debug|Any CPU.Build.0 = Debug|Any CPU
		{C76709C3-D309-440E-8AE7-A51FAA07D1B2}.Release|Any CPU.ActiveCfg = Release|Any CPU
		{C76709C3-D309-440E-8AE7-A51FAA07D1B2}.Release|Any CPU.Build.0 = Release|Any CPU
	EndGlobalSection
	GlobalSection(SolutionProperties) = preSolution
		HideSolutionNode = FALSE
	EndGlobalSection
	GlobalSection(ExtensibilityGlobals) = postSolution
		SolutionGuid = {3D81A8E3-D18B-4A1A-9123-DE0F846365C3}
	EndGlobalSection
EndGlobal
